// !$*UTF8*$!
{
	archiveVersion = 1;
	classes = {
	};
	objectVersion = 46;
	objects = {

/* Begin PBXBuildFile section */
		A9CAC9E31DC37DAC00076318 /* AppDelegate.swift in Sources */ = {isa = PBXBuildFile; fileRef = A9CAC9DE1DC37DAC00076318 /* AppDelegate.swift */; };
		A9CAC9E41DC37DAC00076318 /* Assets.xcassets in Resources */ = {isa = PBXBuildFile; fileRef = A9CAC9DF1DC37DAC00076318 /* Assets.xcassets */; };
		A9CAC9E51DC37DAC00076318 /* Info.plist in Resources */ = {isa = PBXBuildFile; fileRef = A9CAC9E01DC37DAC00076318 /* Info.plist */; };
		A9CAC9E61DC37DAC00076318 /* SwiftSQLTestEnv.swift in Sources */ = {isa = PBXBuildFile; fileRef = A9CAC9E11DC37DAC00076318 /* SwiftSQLTestEnv.swift */; };
		A9CAC9E71DC37DAC00076318 /* ViewController.swift in Sources */ = {isa = PBXBuildFile; fileRef = A9CAC9E21DC37DAC00076318 /* ViewController.swift */; };
		A9CAC9EA1DC37DB300076318 /* Main.storyboard in Resources */ = {isa = PBXBuildFile; fileRef = A9CAC9E81DC37DB300076318 /* Main.storyboard */; };
		A9CAC9EC1DC37DDE00076318 /* SwiftySQL.framework in Frameworks */ = {isa = PBXBuildFile; fileRef = A9CAC9EB1DC37DDE00076318 /* SwiftySQL.framework */; };
		A9CAC9ED1DC37DDE00076318 /* SwiftySQL.framework in Embed Frameworks */ = {isa = PBXBuildFile; fileRef = A9CAC9EB1DC37DDE00076318 /* SwiftySQL.framework */; settings = {ATTRIBUTES = (CodeSignOnCopy, RemoveHeadersOnCopy, ); }; };
/* End PBXBuildFile section */

/* Begin PBXCopyFilesBuildPhase section */
		A9CAC9EE1DC37DDE00076318 /* Embed Frameworks */ = {
			isa = PBXCopyFilesBuildPhase;
			buildActionMask = 2147483647;
			dstPath = "";
			dstSubfolderSpec = 10;
			files = (
				A9CAC9ED1DC37DDE00076318 /* SwiftySQL.framework in Embed Frameworks */,
			);
			name = "Embed Frameworks";
			runOnlyForDeploymentPostprocessing = 0;
		};
/* End PBXCopyFilesBuildPhase section */

/* Begin PBXFileReference section */
		A9CAC9BD1DC3743300076318 /* Examples.app */ = {isa = PBXFileReference; explicitFileType = wrapper.application; includeInIndex = 0; path = Examples.app; sourceTree = BUILT_PRODUCTS_DIR; };
		A9CAC9DE1DC37DAC00076318 /* AppDelegate.swift */ = {isa = PBXFileReference; fileEncoding = 4; lastKnownFileType = sourcecode.swift; path = AppDelegate.swift; sourceTree = "<group>"; };
		A9CAC9DF1DC37DAC00076318 /* Assets.xcassets */ = {isa = PBXFileReference; lastKnownFileType = folder.assetcatalog; path = Assets.xcassets; sourceTree = "<group>"; };
		A9CAC9E01DC37DAC00076318 /* Info.plist */ = {isa = PBXFileReference; fileEncoding = 4; lastKnownFileType = text.plist.xml; path = Info.plist; sourceTree = "<group>"; };
		A9CAC9E11DC37DAC00076318 /* SwiftSQLTestEnv.swift */ = {isa = PBXFileReference; fileEncoding = 4; lastKnownFileType = sourcecode.swift; path = SwiftSQLTestEnv.swift; sourceTree = "<group>"; };
		A9CAC9E21DC37DAC00076318 /* ViewController.swift */ = {isa = PBXFileReference; fileEncoding = 4; lastKnownFileType = sourcecode.swift; path = ViewController.swift; sourceTree = "<group>"; };
		A9CAC9E91DC37DB300076318 /* Base */ = {isa = PBXFileReference; lastKnownFileType = file.storyboard; name = Base; path = Base.lproj/Main.storyboard; sourceTree = "<group>"; };
		A9CAC9EB1DC37DDE00076318 /* SwiftySQL.framework */ = {isa = PBXFileReference; explicitFileType = wrapper.framework; path = SwiftySQL.framework; sourceTree = BUILT_PRODUCTS_DIR; };
/* End PBXFileReference section */

/* Begin PBXFrameworksBuildPhase section */
		A9CAC9BA1DC3743300076318 /* Frameworks */ = {
			isa = PBXFrameworksBuildPhase;
			buildActionMask = 2147483647;
			files = (
				A9CAC9EC1DC37DDE00076318 /* SwiftySQL.framework in Frameworks */,
			);
			runOnlyForDeploymentPostprocessing = 0;
		};
/* End PBXFrameworksBuildPhase section */

/* Begin PBXGroup section */
		A9CAC9B41DC3743300076318 = {
			isa = PBXGroup;
			children = (
				A9CAC9DD1DC37D8E00076318 /* Example-macOS */,
				A9CAC9BE1DC3743300076318 /* Products */,
			);
			sourceTree = "<group>";
		};
		A9CAC9BE1DC3743300076318 /* Products */ = {
			isa = PBXGroup;
			children = (
				A9CAC9BD1DC3743300076318 /* Examples.app */,
			);
			name = Products;
			sourceTree = "<group>";
		};
		A9CAC9DD1DC37D8E00076318 /* Example-macOS */ = {
			isa = PBXGroup;
			children = (
				A9CAC9E81DC37DB300076318 /* Main.storyboard */,
				A9CAC9DE1DC37DAC00076318 /* AppDelegate.swift */,
				A9CAC9DF1DC37DAC00076318 /* Assets.xcassets */,
				A9CAC9E01DC37DAC00076318 /* Info.plist */,
				A9CAC9E11DC37DAC00076318 /* SwiftSQLTestEnv.swift */,
				A9CAC9E21DC37DAC00076318 /* ViewController.swift */,
				A9CAC9EB1DC37DDE00076318 /* SwiftySQL.framework */,
			);
			path = "Example-macOS";
			sourceTree = "<group>";
		};
/* End PBXGroup section */

/* Begin PBXNativeTarget section */
		A9CAC9BC1DC3743300076318 /* Examples */ = {
			isa = PBXNativeTarget;
			buildConfigurationList = A9CAC9D71DC3743300076318 /* Build configuration list for PBXNativeTarget "Examples" */;
			buildPhases = (
				A9CAC9B91DC3743300076318 /* Sources */,
				A9CAC9BA1DC3743300076318 /* Frameworks */,
				A9CAC9BB1DC3743300076318 /* Resources */,
				A9CAC9EE1DC37DDE00076318 /* Embed Frameworks */,
			);
			buildRules = (
			);
			dependencies = (
			);
			name = Examples;
			productName = Examples;
			productReference = A9CAC9BD1DC3743300076318 /* Examples.app */;
			productType = "com.apple.product-type.application";
		};
/* End PBXNativeTarget section */

/* Begin PBXProject section */
		A9CAC9B51DC3743300076318 /* Project object */ = {
			isa = PBXProject;
			attributes = {
				LastSwiftUpdateCheck = 0800;
				LastUpgradeCheck = 0800;
				ORGANIZATIONNAME = "Gen X Hippies Company";
				TargetAttributes = {
					A9CAC9BC1DC3743300076318 = {
						CreatedOnToolsVersion = 8.0;
						DevelopmentTeam = XH2F8QV9GT;
						LastSwiftMigration = 0800;
						ProvisioningStyle = Automatic;
					};
				};
			};
			buildConfigurationList = A9CAC9B81DC3743300076318 /* Build configuration list for PBXProject "Examples" */;
			compatibilityVersion = "Xcode 3.2";
			developmentRegion = English;
			hasScannedForEncodings = 0;
			knownRegions = (
				en,
				Base,
			);
			mainGroup = A9CAC9B41DC3743300076318;
			productRefGroup = A9CAC9BE1DC3743300076318 /* Products */;
			projectDirPath = "";
			projectRoot = "";
			targets = (
				A9CAC9BC1DC3743300076318 /* Examples */,
			);
		};
/* End PBXProject section */

/* Begin PBXResourcesBuildPhase section */
		A9CAC9BB1DC3743300076318 /* Resources */ = {
			isa = PBXResourcesBuildPhase;
			buildActionMask = 2147483647;
			files = (
				A9CAC9EA1DC37DB300076318 /* Main.storyboard in Resources */,
				A9CAC9E51DC37DAC00076318 /* Info.plist in Resources */,
				A9CAC9E41DC37DAC00076318 /* Assets.xcassets in Resources */,
			);
			runOnlyForDeploymentPostprocessing = 0;
		};
/* End PBXResourcesBuildPhase section */

/* Begin PBXSourcesBuildPhase section */
		A9CAC9B91DC3743300076318 /* Sources */ = {
			isa = PBXSourcesBuildPhase;
			buildActionMask = 2147483647;
			files = (
				A9CAC9E71DC37DAC00076318 /* ViewController.swift in Sources */,
				A9CAC9E61DC37DAC00076318 /* SwiftSQLTestEnv.swift in Sources */,
				A9CAC9E31DC37DAC00076318 /* AppDelegate.swift in Sources */,
			);
			runOnlyForDeploymentPostprocessing = 0;
		};
/* End PBXSourcesBuildPhase section */

/* Begin PBXVariantGroup section */
		A9CAC9E81DC37DB300076318 /* Main.storyboard */ = {
			isa = PBXVariantGroup;
			children = (
				A9CAC9E91DC37DB300076318 /* Base */,
			);
			name = Main.storyboard;
			sourceTree = "<group>";
		};
/* End PBXVariantGroup section */

/* Begin XCBuildConfiguration section */
		A9CAC9D51DC3743300076318 /* Debug */ = {
			isa = XCBuildConfiguration;
			buildSettings = {
				ALWAYS_SEARCH_USER_PATHS = NO;
				CLANG_ANALYZER_NONNULL = YES;
				CLANG_CXX_LANGUAGE_STANDARD = "gnu++0x";
				CLANG_CXX_LIBRARY = "libc++";
				CLANG_ENABLE_MODULES = YES;
				CLANG_ENABLE_OBJC_ARC = YES;
				CLANG_WARN_BOOL_CONVERSION = YES;
				CLANG_WARN_CONSTANT_CONVERSION = YES;
				CLANG_WARN_DIRECT_OBJC_ISA_USAGE = YES_ERROR;
				CLANG_WARN_DOCUMENTATION_COMMENTS = YES;
				CLANG_WARN_EMPTY_BODY = YES;
				CLANG_WARN_ENUM_CONVERSION = YES;
				CLANG_WARN_INFINITE_RECURSION = YES;
				CLANG_WARN_INT_CONVERSION = YES;
				CLANG_WARN_OBJC_ROOT_CLASS = YES_ERROR;
				CLANG_WARN_SUSPICIOUS_MOVES = YES;
				CLANG_WARN_UNREACHABLE_CODE = YES;
				CLANG_WARN__DUPLICATE_METHOD_MATCH = YES;
				CODE_SIGN_IDENTITY = "-";
				COPY_PHASE_STRIP = NO;
				DEBUG_INFORMATION_FORMAT = dwarf;
				ENABLE_STRICT_OBJC_MSGSEND = YES;
				ENABLE_TESTABILITY = YES;
				GCC_C_LANGUAGE_STANDARD = gnu99;
				GCC_DYNAMIC_NO_PIC = NO;
				GCC_NO_COMMON_BLOCKS = YES;
				GCC_OPTIMIZATION_LEVEL = 0;
				GCC_PREPROCESSOR_DEFINITIONS = (
					"DEBUG=1",
					"$(inherited)",
				);
				GCC_WARN_64_TO_32_BIT_CONVERSION = YES;
				GCC_WARN_ABOUT_RETURN_TYPE = YES_ERROR;
				GCC_WARN_UNDECLARED_SELECTOR = YES;
				GCC_WARN_UNINITIALIZED_AUTOS = YES_AGGRESSIVE;
				GCC_WARN_UNUSED_FUNCTION = YES;
				GCC_WARN_UNUSED_VARIABLE = YES;
				MACOSX_DEPLOYMENT_TARGET = 10.12;
				MTL_ENABLE_DEBUG_INFO = YES;
				ONLY_ACTIVE_ARCH = YES;
				SDKROOT = macosx;
				SWIFT_ACTIVE_COMPILATION_CONDITIONS = DEBUG;
				SWIFT_OPTIMIZATION_LEVEL = "-Onone";
			};
			name = Debug;
		};
		A9CAC9D61DC3743300076318 /* Release */ = {
			isa = XCBuildConfiguration;
			buildSettings = {
				ALWAYS_SEARCH_USER_PATHS = NO;
				CLANG_ANALYZER_NONNULL = YES;
				CLANG_CXX_LANGUAGE_STANDARD = "gnu++0x";
				CLANG_CXX_LIBRARY = "libc++";
				CLANG_ENABLE_MODULES = YES;
				CLANG_ENABLE_OBJC_ARC = YES;
				CLANG_WARN_BOOL_CONVERSION = YES;
				CLANG_WARN_CONSTANT_CONVERSION = YES;
				CLANG_WARN_DIRECT_OBJC_ISA_USAGE = YES_ERROR;
				CLANG_WARN_DOCUMENTATION_COMMENTS = YES;
				CLANG_WARN_EMPTY_BODY = YES;
				CLANG_WARN_ENUM_CONVERSION = YES;
				CLANG_WARN_INFINITE_RECURSION = YES;
				CLANG_WARN_INT_CONVERSION = YES;
				CLANG_WARN_OBJC_ROOT_CLASS = YES_ERROR;
				CLANG_WARN_SUSPICIOUS_MOVES = YES;
				CLANG_WARN_UNREACHABLE_CODE = YES;
				CLANG_WARN__DUPLICATE_METHOD_MATCH = YES;
				CODE_SIGN_IDENTITY = "-";
				COPY_PHASE_STRIP = NO;
				DEBUG_INFORMATION_FORMAT = "dwarf-with-dsym";
				ENABLE_NS_ASSERTIONS = NO;
				ENABLE_STRICT_OBJC_MSGSEND = YES;
				GCC_C_LANGUAGE_STANDARD = gnu99;
				GCC_NO_COMMON_BLOCKS = YES;
				GCC_WARN_64_TO_32_BIT_CONVERSION = YES;
				GCC_WARN_ABOUT_RETURN_TYPE = YES_ERROR;
				GCC_WARN_UNDECLARED_SELECTOR = YES;
				GCC_WARN_UNINITIALIZED_AUTOS = YES_AGGRESSIVE;
				GCC_WARN_UNUSED_FUNCTION = YES;
				GCC_WARN_UNUSED_VARIABLE = YES;
				MACOSX_DEPLOYMENT_TARGET = 10.12;
				MTL_ENABLE_DEBUG_INFO = NO;
				SDKROOT = macosx;
				SWIFT_OPTIMIZATION_LEVEL = "-Owholemodule";
			};
			name = Release;
		};
		A9CAC9D81DC3743300076318 /* Debug */ = {
			isa = XCBuildConfiguration;
			buildSettings = {
				ASSETCATALOG_COMPILER_APPICON_NAME = AppIcon;
				CLANG_ENABLE_MODULES = YES;
				COMBINE_HIDPI_IMAGES = YES;
				DEVELOPMENT_TEAM = XH2F8QV9GT;
				INFOPLIST_FILE = "$(SRCROOT)/Example-macOS/Info.plist";
				LD_RUNPATH_SEARCH_PATHS = "$(inherited) @executable_path/../Frameworks";
				MACOSX_DEPLOYMENT_TARGET = 10.10;
				PRODUCT_BUNDLE_IDENTIFIER = "com.oo-v.Examples";
				PRODUCT_NAME = "$(TARGET_NAME)";
				SWIFT_OPTIMIZATION_LEVEL = "-Onone";
				SWIFT_VERSION = 3.0;
			};
			name = Debug;
		};
		A9CAC9D91DC3743300076318 /* Release */ = {
			isa = XCBuildConfiguration;
			buildSettings = {
				ASSETCATALOG_COMPILER_APPICON_NAME = AppIcon;
				CLANG_ENABLE_MODULES = YES;
				COMBINE_HIDPI_IMAGES = YES;
				DEVELOPMENT_TEAM = XH2F8QV9GT;
				INFOPLIST_FILE = "$(SRCROOT)/Example-macOS/Info.plist";
				LD_RUNPATH_SEARCH_PATHS = "$(inherited) @executable_path/../Frameworks";
				MACOSX_DEPLOYMENT_TARGET = 10.10;
				PRODUCT_BUNDLE_IDENTIFIER = "com.oo-v.Examples";
				PRODUCT_NAME = "$(TARGET_NAME)";
				SWIFT_VERSION = 3.0;
			};
			name = Release;
		};
/* End XCBuildConfiguration section */

/* Begin XCConfigurationList section */
		A9CAC9B81DC3743300076318 /* Build configuration list for PBXProject "Examples" */ = {
			isa = XCConfigurationList;
			buildConfigurations = (
				A9CAC9D51DC3743300076318 /* Debug */,
				A9CAC9D61DC3743300076318 /* Release */,
			);
			defaultConfigurationIsVisible = 0;
			defaultConfigurationName = Release;
		};
		A9CAC9D71DC3743300076318 /* Build configuration list for PBXNativeTarget "Examples" */ = {
			isa = XCConfigurationList;
			buildConfigurations = (
				A9CAC9D81DC3743300076318 /* Debug */,
				A9CAC9D91DC3743300076318 /* Release */,
			);
			defaultConfigurationIsVisible = 0;
			defaultConfigurationName = Release;
		};
/* End XCConfigurationList section */
	};
	rootObject = A9CAC9B51DC3743300076318 /* Project object */;
}
