// !$*UTF8*$!
{
	archiveVersion = 1;
	classes = {
	};
	objectVersion = 46;
	objects = {

/* Begin PBXBuildFile section */
		A93E534F1DBC48E200062A95 /* SQL.Order.swift in Sources */ = {isa = PBXBuildFile; fileRef = A93E534E1DBC48E200062A95 /* SQL.Order.swift */; };
		A93E53591DBC4A4A00062A95 /* SQL.Order+DefaultDB.swift in Sources */ = {isa = PBXBuildFile; fileRef = A93E53581DBC4A4A00062A95 /* SQL.Order+DefaultDB.swift */; };
		A93E535D1DBC4E0300062A95 /* SQL.Case+DefaultDB.swift in Sources */ = {isa = PBXBuildFile; fileRef = A93E535C1DBC4E0300062A95 /* SQL.Case+DefaultDB.swift */; };
		A93E535F1DBC4E7A00062A95 /* SQL.Func+DefaultDB.swift in Sources */ = {isa = PBXBuildFile; fileRef = A93E535E1DBC4E7A00062A95 /* SQL.Func+DefaultDB.swift */; };
		A93E53611DBC4EA400062A95 /* SQL.Limit+DefaultDB.swift in Sources */ = {isa = PBXBuildFile; fileRef = A93E53601DBC4EA400062A95 /* SQL.Limit+DefaultDB.swift */; };
		A93E53631DBC4EDA00062A95 /* SQL.Alias+DefaultDB.swift in Sources */ = {isa = PBXBuildFile; fileRef = A93E53621DBC4EDA00062A95 /* SQL.Alias+DefaultDB.swift */; };
		A93E53651DBC67DA00062A95 /* SQL.Literal.swift in Sources */ = {isa = PBXBuildFile; fileRef = A93E53641DBC67DA00062A95 /* SQL.Literal.swift */; };
		A93E536B1DBC8C7500062A95 /* SQL.Literal+DefaultDB.swift in Sources */ = {isa = PBXBuildFile; fileRef = A93E536A1DBC8C7500062A95 /* SQL.Literal+DefaultDB.swift */; };
		A93E53711DBCB3EB00062A95 /* SQL.PrefixUnaryExpr.swift in Sources */ = {isa = PBXBuildFile; fileRef = A93E53701DBCB3EB00062A95 /* SQL.PrefixUnaryExpr.swift */; };
		A93E53731DBCB3FB00062A95 /* SQL.TernaryExpr.swift in Sources */ = {isa = PBXBuildFile; fileRef = A93E53721DBCB3FB00062A95 /* SQL.TernaryExpr.swift */; };
		A93E53751DBCB4D400062A95 /* SQL.SuffixUnaryExpr.swift in Sources */ = {isa = PBXBuildFile; fileRef = A93E53741DBCB4D400062A95 /* SQL.SuffixUnaryExpr.swift */; };
		A93E53771DBCB69C00062A95 /* SQL.PrefixUnaryExpr+DefaultDB.swift in Sources */ = {isa = PBXBuildFile; fileRef = A93E53761DBCB69C00062A95 /* SQL.PrefixUnaryExpr+DefaultDB.swift */; };
		A93E53791DBCB6AD00062A95 /* SQL.SuffixUnaryExpr+DefaultDB.swift in Sources */ = {isa = PBXBuildFile; fileRef = A93E53781DBCB6AD00062A95 /* SQL.SuffixUnaryExpr+DefaultDB.swift */; };
		A93E537B1DBCB6CB00062A95 /* SQL.TernaryExpr+DefaultDB.swift in Sources */ = {isa = PBXBuildFile; fileRef = A93E537A1DBCB6CB00062A95 /* SQL.TernaryExpr+DefaultDB.swift */; };
		A93E537D1DBD209800062A95 /* SQL.In+DefaultDB.swift in Sources */ = {isa = PBXBuildFile; fileRef = A93E537C1DBD209800062A95 /* SQL.In+DefaultDB.swift */; };
		A93E537F1DBD20B300062A95 /* SQL.In.swift in Sources */ = {isa = PBXBuildFile; fileRef = A93E537E1DBD20B300062A95 /* SQL.In.swift */; };
		A93E53811DBD2C5100062A95 /* SQL.Tuple.swift in Sources */ = {isa = PBXBuildFile; fileRef = A93E53801DBD2C5100062A95 /* SQL.Tuple.swift */; };
		A93E53831DBD2C5F00062A95 /* SQL.Tuple+DefaultDB.swift in Sources */ = {isa = PBXBuildFile; fileRef = A93E53821DBD2C5F00062A95 /* SQL.Tuple+DefaultDB.swift */; };
		A93E53851DBD8AE000062A95 /* SQL.Insert.swift in Sources */ = {isa = PBXBuildFile; fileRef = A93E53841DBD8AE000062A95 /* SQL.Insert.swift */; };
		A9604F491DBDB38600F79239 /* SQL.Insert+DefaultDB.swift in Sources */ = {isa = PBXBuildFile; fileRef = A9604F481DBDB38600F79239 /* SQL.Insert+DefaultDB.swift */; };
		A9604F4B1DBDD18F00F79239 /* SQL.Update.swift in Sources */ = {isa = PBXBuildFile; fileRef = A9604F4A1DBDD18F00F79239 /* SQL.Update.swift */; };
		A9604F4D1DBDDAF600F79239 /* SQL.Update+DefaultDB.swift in Sources */ = {isa = PBXBuildFile; fileRef = A9604F4C1DBDDAF600F79239 /* SQL.Update+DefaultDB.swift */; };
		A9604F4F1DBEF49000F79239 /* SQL.Delete.swift in Sources */ = {isa = PBXBuildFile; fileRef = A9604F4E1DBEF49000F79239 /* SQL.Delete.swift */; };
		A9604F511DBEF87900F79239 /* SQL.Delete+DefaultDB.swift in Sources */ = {isa = PBXBuildFile; fileRef = A9604F501DBEF87900F79239 /* SQL.Delete+DefaultDB.swift */; };
		A9B39B4C1DB9D76C00A208FC /* SwiftySQL-macOS.h in Headers */ = {isa = PBXBuildFile; fileRef = A9B39B4A1DB9D76C00A208FC /* SwiftySQL-macOS.h */; settings = {ATTRIBUTES = (Public, ); }; };
		A9B39B581DB9D84D00A208FC /* SQL.swift in Sources */ = {isa = PBXBuildFile; fileRef = A9B39B521DB9D84D00A208FC /* SQL.swift */; };
		A9B39B5A1DB9D84D00A208FC /* SQL.Select.swift in Sources */ = {isa = PBXBuildFile; fileRef = A9B39B541DB9D84D00A208FC /* SQL.Select.swift */; };
		A9B39B5C1DB9D84D00A208FC /* SQLStringConvertible.swift in Sources */ = {isa = PBXBuildFile; fileRef = A9B39B561DB9D84D00A208FC /* SQLStringConvertible.swift */; };
		A9B39B5D1DB9D84D00A208FC /* SQLUtils.swift in Sources */ = {isa = PBXBuildFile; fileRef = A9B39B571DB9D84D00A208FC /* SQLUtils.swift */; };
		A9B39B651DB9D89C00A208FC /* SwiftySQLTests_macOS.swift in Sources */ = {isa = PBXBuildFile; fileRef = A9B39B641DB9D89C00A208FC /* SwiftySQLTests_macOS.swift */; };
		A9B39B671DB9D89C00A208FC /* SwiftySQL.framework in Frameworks */ = {isa = PBXBuildFile; fileRef = A9B39B481DB9D76C00A208FC /* SwiftySQL.framework */; };
		A9B39B741DB9D90900A208FC /* AppDelegate.swift in Sources */ = {isa = PBXBuildFile; fileRef = A9B39B731DB9D90900A208FC /* AppDelegate.swift */; };
		A9B39B761DB9D90900A208FC /* ViewController.swift in Sources */ = {isa = PBXBuildFile; fileRef = A9B39B751DB9D90900A208FC /* ViewController.swift */; };
		A9B39B781DB9D90900A208FC /* Assets.xcassets in Resources */ = {isa = PBXBuildFile; fileRef = A9B39B771DB9D90900A208FC /* Assets.xcassets */; };
		A9B39B7B1DB9D90900A208FC /* Main.storyboard in Resources */ = {isa = PBXBuildFile; fileRef = A9B39B791DB9D90900A208FC /* Main.storyboard */; };
		A9B39B801DB9D91000A208FC /* SwiftySQL.framework in Frameworks */ = {isa = PBXBuildFile; fileRef = A9B39B481DB9D76C00A208FC /* SwiftySQL.framework */; };
		A9B39B811DB9D91000A208FC /* SwiftySQL.framework in Embed Frameworks */ = {isa = PBXBuildFile; fileRef = A9B39B481DB9D76C00A208FC /* SwiftySQL.framework */; settings = {ATTRIBUTES = (CodeSignOnCopy, RemoveHeadersOnCopy, ); }; };
		A9B39B941DBB01C200A208FC /* SQL.Join.swift in Sources */ = {isa = PBXBuildFile; fileRef = A9B39B931DBB01C200A208FC /* SQL.Join.swift */; };
		A9B39B981DBB1B3F00A208FC /* SQL.Case.swift in Sources */ = {isa = PBXBuildFile; fileRef = A9B39B971DBB1B3F00A208FC /* SQL.Case.swift */; };
		A9B39B9A1DBB1B5100A208FC /* SQL.Func.swift in Sources */ = {isa = PBXBuildFile; fileRef = A9B39B991DBB1B5100A208FC /* SQL.Func.swift */; };
		A9B39B9E1DBB1B9200A208FC /* TollFreeSQLColumnType.swift in Sources */ = {isa = PBXBuildFile; fileRef = A9B39B9D1DBB1B9200A208FC /* TollFreeSQLColumnType.swift */; };
		A9B39BA21DBB3E1100A208FC /* SQLTypes.swift in Sources */ = {isa = PBXBuildFile; fileRef = A9B39BA11DBB3E1100A208FC /* SQLTypes.swift */; };
		A9B39BA41DBB58FA00A208FC /* SQL.Alias.swift in Sources */ = {isa = PBXBuildFile; fileRef = A9B39BA31DBB58FA00A208FC /* SQL.Alias.swift */; };
		A9B39BA71DBBA52100A208FC /* SQLGenerator.swift in Sources */ = {isa = PBXBuildFile; fileRef = A9B39BA61DBBA52100A208FC /* SQLGenerator.swift */; };
		A9B39BAB1DBBCA0200A208FC /* SQL.BinaryExpr.swift in Sources */ = {isa = PBXBuildFile; fileRef = A9B39BAA1DBBCA0200A208FC /* SQL.BinaryExpr.swift */; };
		A9B39BAF1DBC380100A208FC /* SQL.Select+DefaultDB.swift in Sources */ = {isa = PBXBuildFile; fileRef = A9B39BAE1DBC380100A208FC /* SQL.Select+DefaultDB.swift */; };
		A9B39BB11DBC3AE900A208FC /* SQL.Column.swift in Sources */ = {isa = PBXBuildFile; fileRef = A9B39BB01DBC3AE900A208FC /* SQL.Column.swift */; };
		A9B39BB31DBC3B4000A208FC /* SQL.Limit.swift in Sources */ = {isa = PBXBuildFile; fileRef = A9B39BB21DBC3B4000A208FC /* SQL.Limit.swift */; };
		A9B39BB51DBC3B5C00A208FC /* SQL.Table.swift in Sources */ = {isa = PBXBuildFile; fileRef = A9B39BB41DBC3B5C00A208FC /* SQL.Table.swift */; };
		A9B39BB71DBC3BAA00A208FC /* SQL.Column+DefaultDB.swift in Sources */ = {isa = PBXBuildFile; fileRef = A9B39BB61DBC3BAA00A208FC /* SQL.Column+DefaultDB.swift */; };
		A9B39BB91DBC3C0F00A208FC /* SQL.BinaryExpr+DefaultDB.swift in Sources */ = {isa = PBXBuildFile; fileRef = A9B39BB81DBC3C0F00A208FC /* SQL.BinaryExpr+DefaultDB.swift */; };
		A9B39BBB1DBC40BD00A208FC /* SQL.Table+DefaultDB.swift in Sources */ = {isa = PBXBuildFile; fileRef = A9B39BBA1DBC40BD00A208FC /* SQL.Table+DefaultDB.swift */; };
		A9B39BBD1DBC411F00A208FC /* SQL.Join+DefaultDB.swift in Sources */ = {isa = PBXBuildFile; fileRef = A9B39BBC1DBC411F00A208FC /* SQL.Join+DefaultDB.swift */; };
/* End PBXBuildFile section */

/* Begin PBXContainerItemProxy section */
		A9B39B681DB9D89C00A208FC /* PBXContainerItemProxy */ = {
			isa = PBXContainerItemProxy;
			containerPortal = A96B8DE21DB94044003BB7B6 /* Project object */;
			proxyType = 1;
			remoteGlobalIDString = A9B39B471DB9D76C00A208FC;
			remoteInfo = "SwiftySQL-macOS";
		};
		A9B39B821DB9D91000A208FC /* PBXContainerItemProxy */ = {
			isa = PBXContainerItemProxy;
			containerPortal = A96B8DE21DB94044003BB7B6 /* Project object */;
			proxyType = 1;
			remoteGlobalIDString = A9B39B471DB9D76C00A208FC;
			remoteInfo = "SwiftySQL-macOS";
		};
/* End PBXContainerItemProxy section */

/* Begin PBXCopyFilesBuildPhase section */
		A9B39B841DB9D91000A208FC /* Embed Frameworks */ = {
			isa = PBXCopyFilesBuildPhase;
			buildActionMask = 2147483647;
			dstPath = "";
			dstSubfolderSpec = 10;
			files = (
				A9B39B811DB9D91000A208FC /* SwiftySQL.framework in Embed Frameworks */,
			);
			name = "Embed Frameworks";
			runOnlyForDeploymentPostprocessing = 0;
		};
/* End PBXCopyFilesBuildPhase section */

/* Begin PBXFileReference section */
		A93E534E1DBC48E200062A95 /* SQL.Order.swift */ = {isa = PBXFileReference; fileEncoding = 4; lastKnownFileType = sourcecode.swift; path = SQL.Order.swift; sourceTree = "<group>"; };
		A93E53581DBC4A4A00062A95 /* SQL.Order+DefaultDB.swift */ = {isa = PBXFileReference; fileEncoding = 4; lastKnownFileType = sourcecode.swift; path = "SQL.Order+DefaultDB.swift"; sourceTree = "<group>"; };
		A93E535C1DBC4E0300062A95 /* SQL.Case+DefaultDB.swift */ = {isa = PBXFileReference; fileEncoding = 4; lastKnownFileType = sourcecode.swift; path = "SQL.Case+DefaultDB.swift"; sourceTree = "<group>"; };
		A93E535E1DBC4E7A00062A95 /* SQL.Func+DefaultDB.swift */ = {isa = PBXFileReference; fileEncoding = 4; lastKnownFileType = sourcecode.swift; path = "SQL.Func+DefaultDB.swift"; sourceTree = "<group>"; };
		A93E53601DBC4EA400062A95 /* SQL.Limit+DefaultDB.swift */ = {isa = PBXFileReference; fileEncoding = 4; lastKnownFileType = sourcecode.swift; path = "SQL.Limit+DefaultDB.swift"; sourceTree = "<group>"; };
		A93E53621DBC4EDA00062A95 /* SQL.Alias+DefaultDB.swift */ = {isa = PBXFileReference; fileEncoding = 4; lastKnownFileType = sourcecode.swift; path = "SQL.Alias+DefaultDB.swift"; sourceTree = "<group>"; };
		A93E53641DBC67DA00062A95 /* SQL.Literal.swift */ = {isa = PBXFileReference; fileEncoding = 4; lastKnownFileType = sourcecode.swift; path = SQL.Literal.swift; sourceTree = "<group>"; };
		A93E536A1DBC8C7500062A95 /* SQL.Literal+DefaultDB.swift */ = {isa = PBXFileReference; fileEncoding = 4; lastKnownFileType = sourcecode.swift; path = "SQL.Literal+DefaultDB.swift"; sourceTree = "<group>"; };
		A93E53701DBCB3EB00062A95 /* SQL.PrefixUnaryExpr.swift */ = {isa = PBXFileReference; fileEncoding = 4; lastKnownFileType = sourcecode.swift; path = SQL.PrefixUnaryExpr.swift; sourceTree = "<group>"; };
		A93E53721DBCB3FB00062A95 /* SQL.TernaryExpr.swift */ = {isa = PBXFileReference; fileEncoding = 4; lastKnownFileType = sourcecode.swift; path = SQL.TernaryExpr.swift; sourceTree = "<group>"; };
		A93E53741DBCB4D400062A95 /* SQL.SuffixUnaryExpr.swift */ = {isa = PBXFileReference; fileEncoding = 4; lastKnownFileType = sourcecode.swift; path = SQL.SuffixUnaryExpr.swift; sourceTree = "<group>"; };
		A93E53761DBCB69C00062A95 /* SQL.PrefixUnaryExpr+DefaultDB.swift */ = {isa = PBXFileReference; fileEncoding = 4; lastKnownFileType = sourcecode.swift; path = "SQL.PrefixUnaryExpr+DefaultDB.swift"; sourceTree = "<group>"; };
		A93E53781DBCB6AD00062A95 /* SQL.SuffixUnaryExpr+DefaultDB.swift */ = {isa = PBXFileReference; fileEncoding = 4; lastKnownFileType = sourcecode.swift; path = "SQL.SuffixUnaryExpr+DefaultDB.swift"; sourceTree = "<group>"; };
		A93E537A1DBCB6CB00062A95 /* SQL.TernaryExpr+DefaultDB.swift */ = {isa = PBXFileReference; fileEncoding = 4; lastKnownFileType = sourcecode.swift; path = "SQL.TernaryExpr+DefaultDB.swift"; sourceTree = "<group>"; };
		A93E537C1DBD209800062A95 /* SQL.In+DefaultDB.swift */ = {isa = PBXFileReference; fileEncoding = 4; lastKnownFileType = sourcecode.swift; path = "SQL.In+DefaultDB.swift"; sourceTree = "<group>"; };
		A93E537E1DBD20B300062A95 /* SQL.In.swift */ = {isa = PBXFileReference; fileEncoding = 4; lastKnownFileType = sourcecode.swift; path = SQL.In.swift; sourceTree = "<group>"; };
		A93E53801DBD2C5100062A95 /* SQL.Tuple.swift */ = {isa = PBXFileReference; fileEncoding = 4; lastKnownFileType = sourcecode.swift; path = SQL.Tuple.swift; sourceTree = "<group>"; };
		A93E53821DBD2C5F00062A95 /* SQL.Tuple+DefaultDB.swift */ = {isa = PBXFileReference; fileEncoding = 4; lastKnownFileType = sourcecode.swift; path = "SQL.Tuple+DefaultDB.swift"; sourceTree = "<group>"; };
		A93E53841DBD8AE000062A95 /* SQL.Insert.swift */ = {isa = PBXFileReference; fileEncoding = 4; lastKnownFileType = sourcecode.swift; path = SQL.Insert.swift; sourceTree = "<group>"; };
		A9604F481DBDB38600F79239 /* SQL.Insert+DefaultDB.swift */ = {isa = PBXFileReference; fileEncoding = 4; lastKnownFileType = sourcecode.swift; path = "SQL.Insert+DefaultDB.swift"; sourceTree = "<group>"; };
		A9604F4A1DBDD18F00F79239 /* SQL.Update.swift */ = {isa = PBXFileReference; fileEncoding = 4; lastKnownFileType = sourcecode.swift; path = SQL.Update.swift; sourceTree = "<group>"; };
		A9604F4C1DBDDAF600F79239 /* SQL.Update+DefaultDB.swift */ = {isa = PBXFileReference; fileEncoding = 4; lastKnownFileType = sourcecode.swift; path = "SQL.Update+DefaultDB.swift"; sourceTree = "<group>"; };
		A9604F4E1DBEF49000F79239 /* SQL.Delete.swift */ = {isa = PBXFileReference; fileEncoding = 4; lastKnownFileType = sourcecode.swift; path = SQL.Delete.swift; sourceTree = "<group>"; };
		A9604F501DBEF87900F79239 /* SQL.Delete+DefaultDB.swift */ = {isa = PBXFileReference; fileEncoding = 4; lastKnownFileType = sourcecode.swift; path = "SQL.Delete+DefaultDB.swift"; sourceTree = "<group>"; };
		A9B39B481DB9D76C00A208FC /* SwiftySQL.framework */ = {isa = PBXFileReference; explicitFileType = wrapper.framework; includeInIndex = 0; path = SwiftySQL.framework; sourceTree = BUILT_PRODUCTS_DIR; };
		A9B39B4A1DB9D76C00A208FC /* SwiftySQL-macOS.h */ = {isa = PBXFileReference; lastKnownFileType = sourcecode.c.h; path = "SwiftySQL-macOS.h"; sourceTree = "<group>"; };
		A9B39B4B1DB9D76C00A208FC /* Info.plist */ = {isa = PBXFileReference; lastKnownFileType = text.plist.xml; path = Info.plist; sourceTree = "<group>"; };
		A9B39B521DB9D84D00A208FC /* SQL.swift */ = {isa = PBXFileReference; fileEncoding = 4; lastKnownFileType = sourcecode.swift; path = SQL.swift; sourceTree = "<group>"; };
		A9B39B541DB9D84D00A208FC /* SQL.Select.swift */ = {isa = PBXFileReference; fileEncoding = 4; lastKnownFileType = sourcecode.swift; path = SQL.Select.swift; sourceTree = "<group>"; };
		A9B39B561DB9D84D00A208FC /* SQLStringConvertible.swift */ = {isa = PBXFileReference; fileEncoding = 4; lastKnownFileType = sourcecode.swift; path = SQLStringConvertible.swift; sourceTree = "<group>"; };
		A9B39B571DB9D84D00A208FC /* SQLUtils.swift */ = {isa = PBXFileReference; fileEncoding = 4; lastKnownFileType = sourcecode.swift; path = SQLUtils.swift; sourceTree = "<group>"; };
		A9B39B621DB9D89C00A208FC /* SwiftySQLTests-macOS.xctest */ = {isa = PBXFileReference; explicitFileType = wrapper.cfbundle; includeInIndex = 0; path = "SwiftySQLTests-macOS.xctest"; sourceTree = BUILT_PRODUCTS_DIR; };
		A9B39B641DB9D89C00A208FC /* SwiftySQLTests_macOS.swift */ = {isa = PBXFileReference; lastKnownFileType = sourcecode.swift; path = SwiftySQLTests_macOS.swift; sourceTree = "<group>"; };
		A9B39B661DB9D89C00A208FC /* Info.plist */ = {isa = PBXFileReference; lastKnownFileType = text.plist.xml; path = Info.plist; sourceTree = "<group>"; };
		A9B39B711DB9D90900A208FC /* SwiftySQLExample.app */ = {isa = PBXFileReference; explicitFileType = wrapper.application; includeInIndex = 0; path = SwiftySQLExample.app; sourceTree = BUILT_PRODUCTS_DIR; };
		A9B39B731DB9D90900A208FC /* AppDelegate.swift */ = {isa = PBXFileReference; lastKnownFileType = sourcecode.swift; path = AppDelegate.swift; sourceTree = "<group>"; };
		A9B39B751DB9D90900A208FC /* ViewController.swift */ = {isa = PBXFileReference; lastKnownFileType = sourcecode.swift; path = ViewController.swift; sourceTree = "<group>"; };
		A9B39B771DB9D90900A208FC /* Assets.xcassets */ = {isa = PBXFileReference; lastKnownFileType = folder.assetcatalog; path = Assets.xcassets; sourceTree = "<group>"; };
		A9B39B7A1DB9D90900A208FC /* Base */ = {isa = PBXFileReference; lastKnownFileType = file.storyboard; name = Base; path = Base.lproj/Main.storyboard; sourceTree = "<group>"; };
		A9B39B7C1DB9D90900A208FC /* Info.plist */ = {isa = PBXFileReference; lastKnownFileType = text.plist.xml; path = Info.plist; sourceTree = "<group>"; };
		A9B39B931DBB01C200A208FC /* SQL.Join.swift */ = {isa = PBXFileReference; fileEncoding = 4; lastKnownFileType = sourcecode.swift; path = SQL.Join.swift; sourceTree = "<group>"; };
		A9B39B971DBB1B3F00A208FC /* SQL.Case.swift */ = {isa = PBXFileReference; fileEncoding = 4; lastKnownFileType = sourcecode.swift; path = SQL.Case.swift; sourceTree = "<group>"; };
		A9B39B991DBB1B5100A208FC /* SQL.Func.swift */ = {isa = PBXFileReference; fileEncoding = 4; lastKnownFileType = sourcecode.swift; path = SQL.Func.swift; sourceTree = "<group>"; };
		A9B39B9D1DBB1B9200A208FC /* TollFreeSQLColumnType.swift */ = {isa = PBXFileReference; fileEncoding = 4; lastKnownFileType = sourcecode.swift; path = TollFreeSQLColumnType.swift; sourceTree = "<group>"; };
		A9B39BA11DBB3E1100A208FC /* SQLTypes.swift */ = {isa = PBXFileReference; fileEncoding = 4; lastKnownFileType = sourcecode.swift; path = SQLTypes.swift; sourceTree = "<group>"; };
		A9B39BA31DBB58FA00A208FC /* SQL.Alias.swift */ = {isa = PBXFileReference; fileEncoding = 4; lastKnownFileType = sourcecode.swift; path = SQL.Alias.swift; sourceTree = "<group>"; };
		A9B39BA61DBBA52100A208FC /* SQLGenerator.swift */ = {isa = PBXFileReference; fileEncoding = 4; lastKnownFileType = sourcecode.swift; path = SQLGenerator.swift; sourceTree = "<group>"; };
		A9B39BAA1DBBCA0200A208FC /* SQL.BinaryExpr.swift */ = {isa = PBXFileReference; fileEncoding = 4; lastKnownFileType = sourcecode.swift; path = SQL.BinaryExpr.swift; sourceTree = "<group>"; };
		A9B39BAD1DBBE29400A208FC /* SwiftySQL.playground */ = {isa = PBXFileReference; lastKnownFileType = file.playground; path = SwiftySQL.playground; sourceTree = "<group>"; };
		A9B39BAE1DBC380100A208FC /* SQL.Select+DefaultDB.swift */ = {isa = PBXFileReference; fileEncoding = 4; lastKnownFileType = sourcecode.swift; path = "SQL.Select+DefaultDB.swift"; sourceTree = "<group>"; };
		A9B39BB01DBC3AE900A208FC /* SQL.Column.swift */ = {isa = PBXFileReference; fileEncoding = 4; lastKnownFileType = sourcecode.swift; path = SQL.Column.swift; sourceTree = "<group>"; };
		A9B39BB21DBC3B4000A208FC /* SQL.Limit.swift */ = {isa = PBXFileReference; fileEncoding = 4; lastKnownFileType = sourcecode.swift; path = SQL.Limit.swift; sourceTree = "<group>"; };
		A9B39BB41DBC3B5C00A208FC /* SQL.Table.swift */ = {isa = PBXFileReference; fileEncoding = 4; lastKnownFileType = sourcecode.swift; path = SQL.Table.swift; sourceTree = "<group>"; };
		A9B39BB61DBC3BAA00A208FC /* SQL.Column+DefaultDB.swift */ = {isa = PBXFileReference; fileEncoding = 4; lastKnownFileType = sourcecode.swift; path = "SQL.Column+DefaultDB.swift"; sourceTree = "<group>"; };
		A9B39BB81DBC3C0F00A208FC /* SQL.BinaryExpr+DefaultDB.swift */ = {isa = PBXFileReference; fileEncoding = 4; lastKnownFileType = sourcecode.swift; path = "SQL.BinaryExpr+DefaultDB.swift"; sourceTree = "<group>"; };
		A9B39BBA1DBC40BD00A208FC /* SQL.Table+DefaultDB.swift */ = {isa = PBXFileReference; fileEncoding = 4; lastKnownFileType = sourcecode.swift; path = "SQL.Table+DefaultDB.swift"; sourceTree = "<group>"; };
		A9B39BBC1DBC411F00A208FC /* SQL.Join+DefaultDB.swift */ = {isa = PBXFileReference; fileEncoding = 4; lastKnownFileType = sourcecode.swift; path = "SQL.Join+DefaultDB.swift"; sourceTree = "<group>"; };
/* End PBXFileReference section */

/* Begin PBXFrameworksBuildPhase section */
		A9B39B441DB9D76C00A208FC /* Frameworks */ = {
			isa = PBXFrameworksBuildPhase;
			buildActionMask = 2147483647;
			files = (
			);
			runOnlyForDeploymentPostprocessing = 0;
		};
		A9B39B5F1DB9D89C00A208FC /* Frameworks */ = {
			isa = PBXFrameworksBuildPhase;
			buildActionMask = 2147483647;
			files = (
				A9B39B671DB9D89C00A208FC /* SwiftySQL.framework in Frameworks */,
			);
			runOnlyForDeploymentPostprocessing = 0;
		};
		A9B39B6E1DB9D90900A208FC /* Frameworks */ = {
			isa = PBXFrameworksBuildPhase;
			buildActionMask = 2147483647;
			files = (
				A9B39B801DB9D91000A208FC /* SwiftySQL.framework in Frameworks */,
			);
			runOnlyForDeploymentPostprocessing = 0;
		};
/* End PBXFrameworksBuildPhase section */

/* Begin PBXGroup section */
		A96B8DE11DB94044003BB7B6 = {
			isa = PBXGroup;
			children = (
				A9B39BAC1DBBE24D00A208FC /* Playground */,
				A9B39B511DB9D83900A208FC /* Sources */,
				A9B39B491DB9D76C00A208FC /* SwiftySQL-macOS */,
				A9B39B631DB9D89C00A208FC /* SwiftySQLTests-macOS */,
				A9B39B721DB9D90900A208FC /* SwiftySQLExample-macOS */,
				A96B8DEC1DB94044003BB7B6 /* Products */,
			);
			sourceTree = "<group>";
		};
		A96B8DEC1DB94044003BB7B6 /* Products */ = {
			isa = PBXGroup;
			children = (
				A9B39B481DB9D76C00A208FC /* SwiftySQL.framework */,
				A9B39B621DB9D89C00A208FC /* SwiftySQLTests-macOS.xctest */,
				A9B39B711DB9D90900A208FC /* SwiftySQLExample.app */,
			);
			name = Products;
			sourceTree = "<group>";
		};
		A9B39B491DB9D76C00A208FC /* SwiftySQL-macOS */ = {
			isa = PBXGroup;
			children = (
				A9B39B4A1DB9D76C00A208FC /* SwiftySQL-macOS.h */,
				A9B39B4B1DB9D76C00A208FC /* Info.plist */,
			);
			path = "SwiftySQL-macOS";
			sourceTree = "<group>";
		};
		A9B39B511DB9D83900A208FC /* Sources */ = {
			isa = PBXGroup;
			children = (
				A9B39BA51DBBA4F300A208FC /* Generator */,
				A9B39B571DB9D84D00A208FC /* SQLUtils.swift */,
				A9B39B521DB9D84D00A208FC /* SQL.swift */,
				A9B39BA11DBB3E1100A208FC /* SQLTypes.swift */,
				A9B39B561DB9D84D00A208FC /* SQLStringConvertible.swift */,
				A9B39B9D1DBB1B9200A208FC /* TollFreeSQLColumnType.swift */,
				A9B39B541DB9D84D00A208FC /* SQL.Select.swift */,
				A93E53841DBD8AE000062A95 /* SQL.Insert.swift */,
				A9604F4A1DBDD18F00F79239 /* SQL.Update.swift */,
				A9604F4E1DBEF49000F79239 /* SQL.Delete.swift */,
				A9B39BB01DBC3AE900A208FC /* SQL.Column.swift */,
				A93E53701DBCB3EB00062A95 /* SQL.PrefixUnaryExpr.swift */,
				A93E53741DBCB4D400062A95 /* SQL.SuffixUnaryExpr.swift */,
				A9B39BAA1DBBCA0200A208FC /* SQL.BinaryExpr.swift */,
				A93E53721DBCB3FB00062A95 /* SQL.TernaryExpr.swift */,
				A93E537E1DBD20B300062A95 /* SQL.In.swift */,
				A9B39B931DBB01C200A208FC /* SQL.Join.swift */,
				A9B39B971DBB1B3F00A208FC /* SQL.Case.swift */,
				A9B39B991DBB1B5100A208FC /* SQL.Func.swift */,
				A9B39BB41DBC3B5C00A208FC /* SQL.Table.swift */,
				A9B39BA31DBB58FA00A208FC /* SQL.Alias.swift */,
				A9B39BB21DBC3B4000A208FC /* SQL.Limit.swift */,
				A93E534E1DBC48E200062A95 /* SQL.Order.swift */,
				A93E53641DBC67DA00062A95 /* SQL.Literal.swift */,
				A93E53801DBD2C5100062A95 /* SQL.Tuple.swift */,
			);
			path = Sources;
			sourceTree = "<group>";
		};
		A9B39B631DB9D89C00A208FC /* SwiftySQLTests-macOS */ = {
			isa = PBXGroup;
			children = (
				A9B39B641DB9D89C00A208FC /* SwiftySQLTests_macOS.swift */,
				A9B39B661DB9D89C00A208FC /* Info.plist */,
			);
			path = "SwiftySQLTests-macOS";
			sourceTree = "<group>";
		};
		A9B39B721DB9D90900A208FC /* SwiftySQLExample-macOS */ = {
			isa = PBXGroup;
			children = (
				A9B39B731DB9D90900A208FC /* AppDelegate.swift */,
				A9B39B751DB9D90900A208FC /* ViewController.swift */,
				A9B39B771DB9D90900A208FC /* Assets.xcassets */,
				A9B39B791DB9D90900A208FC /* Main.storyboard */,
				A9B39B7C1DB9D90900A208FC /* Info.plist */,
			);
			path = "SwiftySQLExample-macOS";
			sourceTree = "<group>";
		};
		A9B39BA51DBBA4F300A208FC /* Generator */ = {
			isa = PBXGroup;
			children = (
				A9B39BA61DBBA52100A208FC /* SQLGenerator.swift */,
				A9B39BAE1DBC380100A208FC /* SQL.Select+DefaultDB.swift */,
				A9B39BB61DBC3BAA00A208FC /* SQL.Column+DefaultDB.swift */,
				A93E53761DBCB69C00062A95 /* SQL.PrefixUnaryExpr+DefaultDB.swift */,
				A93E53781DBCB6AD00062A95 /* SQL.SuffixUnaryExpr+DefaultDB.swift */,
				A9B39BB81DBC3C0F00A208FC /* SQL.BinaryExpr+DefaultDB.swift */,
				A93E537A1DBCB6CB00062A95 /* SQL.TernaryExpr+DefaultDB.swift */,
				A93E537C1DBD209800062A95 /* SQL.In+DefaultDB.swift */,
				A9B39BBA1DBC40BD00A208FC /* SQL.Table+DefaultDB.swift */,
				A9B39BBC1DBC411F00A208FC /* SQL.Join+DefaultDB.swift */,
				A93E53581DBC4A4A00062A95 /* SQL.Order+DefaultDB.swift */,
				A93E535C1DBC4E0300062A95 /* SQL.Case+DefaultDB.swift */,
				A93E535E1DBC4E7A00062A95 /* SQL.Func+DefaultDB.swift */,
				A93E53601DBC4EA400062A95 /* SQL.Limit+DefaultDB.swift */,
				A93E53621DBC4EDA00062A95 /* SQL.Alias+DefaultDB.swift */,
				A93E536A1DBC8C7500062A95 /* SQL.Literal+DefaultDB.swift */,
				A93E53821DBD2C5F00062A95 /* SQL.Tuple+DefaultDB.swift */,
				A9604F481DBDB38600F79239 /* SQL.Insert+DefaultDB.swift */,
				A9604F4C1DBDDAF600F79239 /* SQL.Update+DefaultDB.swift */,
				A9604F501DBEF87900F79239 /* SQL.Delete+DefaultDB.swift */,
			);
			path = Generator;
			sourceTree = "<group>";
		};
		A9B39BAC1DBBE24D00A208FC /* Playground */ = {
			isa = PBXGroup;
			children = (
				A9B39BAD1DBBE29400A208FC /* SwiftySQL.playground */,
			);
			path = Playground;
			sourceTree = "<group>";
		};
/* End PBXGroup section */

/* Begin PBXHeadersBuildPhase section */
		A9B39B451DB9D76C00A208FC /* Headers */ = {
			isa = PBXHeadersBuildPhase;
			buildActionMask = 2147483647;
			files = (
				A9B39B4C1DB9D76C00A208FC /* SwiftySQL-macOS.h in Headers */,
			);
			runOnlyForDeploymentPostprocessing = 0;
		};
/* End PBXHeadersBuildPhase section */

/* Begin PBXNativeTarget section */
		A9B39B471DB9D76C00A208FC /* SwiftySQL-macOS */ = {
			isa = PBXNativeTarget;
			buildConfigurationList = A9B39B4D1DB9D76C00A208FC /* Build configuration list for PBXNativeTarget "SwiftySQL-macOS" */;
			buildPhases = (
				A9B39B431DB9D76C00A208FC /* Sources */,
				A9B39B441DB9D76C00A208FC /* Frameworks */,
				A9B39B451DB9D76C00A208FC /* Headers */,
				A9B39B461DB9D76C00A208FC /* Resources */,
			);
			buildRules = (
			);
			dependencies = (
			);
			name = "SwiftySQL-macOS";
			productName = "SwiftySQL-macOS";
			productReference = A9B39B481DB9D76C00A208FC /* SwiftySQL.framework */;
			productType = "com.apple.product-type.framework";
		};
		A9B39B611DB9D89C00A208FC /* SwiftySQLTests-macOS */ = {
			isa = PBXNativeTarget;
			buildConfigurationList = A9B39B6A1DB9D89C00A208FC /* Build configuration list for PBXNativeTarget "SwiftySQLTests-macOS" */;
			buildPhases = (
				A9B39B5E1DB9D89C00A208FC /* Sources */,
				A9B39B5F1DB9D89C00A208FC /* Frameworks */,
				A9B39B601DB9D89C00A208FC /* Resources */,
			);
			buildRules = (
			);
			dependencies = (
				A9B39B691DB9D89C00A208FC /* PBXTargetDependency */,
			);
			name = "SwiftySQLTests-macOS";
			productName = "SwiftySQLTests-macOS";
			productReference = A9B39B621DB9D89C00A208FC /* SwiftySQLTests-macOS.xctest */;
			productType = "com.apple.product-type.bundle.unit-test";
		};
		A9B39B701DB9D90900A208FC /* SwiftySQLExample-macOS */ = {
			isa = PBXNativeTarget;
			buildConfigurationList = A9B39B7D1DB9D90900A208FC /* Build configuration list for PBXNativeTarget "SwiftySQLExample-macOS" */;
			buildPhases = (
				A9B39B6D1DB9D90900A208FC /* Sources */,
				A9B39B6E1DB9D90900A208FC /* Frameworks */,
				A9B39B6F1DB9D90900A208FC /* Resources */,
				A9B39B841DB9D91000A208FC /* Embed Frameworks */,
			);
			buildRules = (
			);
			dependencies = (
				A9B39B831DB9D91000A208FC /* PBXTargetDependency */,
			);
			name = "SwiftySQLExample-macOS";
			productName = "SwiftySQLExample-macOS";
			productReference = A9B39B711DB9D90900A208FC /* SwiftySQLExample.app */;
			productType = "com.apple.product-type.application";
		};
/* End PBXNativeTarget section */

/* Begin PBXProject section */
		A96B8DE21DB94044003BB7B6 /* Project object */ = {
			isa = PBXProject;
			attributes = {
				LastSwiftUpdateCheck = 0800;
				LastUpgradeCheck = 0800;
				ORGANIZATIONNAME = "Gen X Hippies Company";
				TargetAttributes = {
					A9B39B471DB9D76C00A208FC = {
						CreatedOnToolsVersion = 8.0;
						DevelopmentTeam = XH2F8QV9GT;
						LastSwiftMigration = 0800;
						ProvisioningStyle = Automatic;
					};
					A9B39B611DB9D89C00A208FC = {
						CreatedOnToolsVersion = 8.0;
						DevelopmentTeam = XH2F8QV9GT;
						ProvisioningStyle = Automatic;
					};
					A9B39B701DB9D90900A208FC = {
						CreatedOnToolsVersion = 8.0;
						DevelopmentTeam = XH2F8QV9GT;
						ProvisioningStyle = Automatic;
					};
				};
			};
			buildConfigurationList = A96B8DE51DB94044003BB7B6 /* Build configuration list for PBXProject "SwiftySQL" */;
			compatibilityVersion = "Xcode 3.2";
			developmentRegion = English;
			hasScannedForEncodings = 0;
			knownRegions = (
				en,
				Base,
			);
			mainGroup = A96B8DE11DB94044003BB7B6;
			productRefGroup = A96B8DEC1DB94044003BB7B6 /* Products */;
			projectDirPath = "";
			projectRoot = "";
			targets = (
				A9B39B471DB9D76C00A208FC /* SwiftySQL-macOS */,
				A9B39B611DB9D89C00A208FC /* SwiftySQLTests-macOS */,
				A9B39B701DB9D90900A208FC /* SwiftySQLExample-macOS */,
			);
		};
/* End PBXProject section */

/* Begin PBXResourcesBuildPhase section */
		A9B39B461DB9D76C00A208FC /* Resources */ = {
			isa = PBXResourcesBuildPhase;
			buildActionMask = 2147483647;
			files = (
			);
			runOnlyForDeploymentPostprocessing = 0;
		};
		A9B39B601DB9D89C00A208FC /* Resources */ = {
			isa = PBXResourcesBuildPhase;
			buildActionMask = 2147483647;
			files = (
			);
			runOnlyForDeploymentPostprocessing = 0;
		};
		A9B39B6F1DB9D90900A208FC /* Resources */ = {
			isa = PBXResourcesBuildPhase;
			buildActionMask = 2147483647;
			files = (
				A9B39B781DB9D90900A208FC /* Assets.xcassets in Resources */,
				A9B39B7B1DB9D90900A208FC /* Main.storyboard in Resources */,
			);
			runOnlyForDeploymentPostprocessing = 0;
		};
/* End PBXResourcesBuildPhase section */

/* Begin PBXSourcesBuildPhase section */
		A9B39B431DB9D76C00A208FC /* Sources */ = {
			isa = PBXSourcesBuildPhase;
			buildActionMask = 2147483647;
			files = (
				A9B39BA21DBB3E1100A208FC /* SQLTypes.swift in Sources */,
				A9B39B5C1DB9D84D00A208FC /* SQLStringConvertible.swift in Sources */,
				A9B39B5D1DB9D84D00A208FC /* SQLUtils.swift in Sources */,
				A93E53711DBCB3EB00062A95 /* SQL.PrefixUnaryExpr.swift in Sources */,
				A93E53751DBCB4D400062A95 /* SQL.SuffixUnaryExpr.swift in Sources */,
				A93E53731DBCB3FB00062A95 /* SQL.TernaryExpr.swift in Sources */,
				A93E53851DBD8AE000062A95 /* SQL.Insert.swift in Sources */,
				A9B39BAB1DBBCA0200A208FC /* SQL.BinaryExpr.swift in Sources */,
				A9B39BA41DBB58FA00A208FC /* SQL.Alias.swift in Sources */,
				A9604F4F1DBEF49000F79239 /* SQL.Delete.swift in Sources */,
				A93E537F1DBD20B300062A95 /* SQL.In.swift in Sources */,
				A9B39B981DBB1B3F00A208FC /* SQL.Case.swift in Sources */,
				A9B39BB51DBC3B5C00A208FC /* SQL.Table.swift in Sources */,
				A9B39B9A1DBB1B5100A208FC /* SQL.Func.swift in Sources */,
				A9B39BB11DBC3AE900A208FC /* SQL.Column.swift in Sources */,
				A9B39B5A1DB9D84D00A208FC /* SQL.Select.swift in Sources */,
				A9604F4B1DBDD18F00F79239 /* SQL.Update.swift in Sources */,
				A9B39BB31DBC3B4000A208FC /* SQL.Limit.swift in Sources */,
				A9B39B941DBB01C200A208FC /* SQL.Join.swift in Sources */,
				A93E534F1DBC48E200062A95 /* SQL.Order.swift in Sources */,
				A9B39B581DB9D84D00A208FC /* SQL.swift in Sources */,
				A93E53651DBC67DA00062A95 /* SQL.Literal.swift in Sources */,
				A93E53811DBD2C5100062A95 /* SQL.Tuple.swift in Sources */,
				A9B39B9E1DBB1B9200A208FC /* TollFreeSQLColumnType.swift in Sources */,
				A9B39BA71DBBA52100A208FC /* SQLGenerator.swift in Sources */,
				A9604F491DBDB38600F79239 /* SQL.Insert+DefaultDB.swift in Sources */,
				A93E537D1DBD209800062A95 /* SQL.In+DefaultDB.swift in Sources */,
				A93E53831DBD2C5F00062A95 /* SQL.Tuple+DefaultDB.swift in Sources */,
				A93E53771DBCB69C00062A95 /* SQL.PrefixUnaryExpr+DefaultDB.swift in Sources */,
				A93E53791DBCB6AD00062A95 /* SQL.SuffixUnaryExpr+DefaultDB.swift in Sources */,
				A9B39BB91DBC3C0F00A208FC /* SQL.BinaryExpr+DefaultDB.swift in Sources */,
				A93E537B1DBCB6CB00062A95 /* SQL.TernaryExpr+DefaultDB.swift in Sources */,
				A93E53611DBC4EA400062A95 /* SQL.Limit+DefaultDB.swift in Sources */,
				A9604F511DBEF87900F79239 /* SQL.Delete+DefaultDB.swift in Sources */,
				A93E535D1DBC4E0300062A95 /* SQL.Case+DefaultDB.swift in Sources */,
				A9604F4D1DBDDAF600F79239 /* SQL.Update+DefaultDB.swift in Sources */,
				A9B39BBB1DBC40BD00A208FC /* SQL.Table+DefaultDB.swift in Sources */,
				A93E53631DBC4EDA00062A95 /* SQL.Alias+DefaultDB.swift in Sources */,
				A9B39BBD1DBC411F00A208FC /* SQL.Join+DefaultDB.swift in Sources */,
				A9B39BAF1DBC380100A208FC /* SQL.Select+DefaultDB.swift in Sources */,
				A93E53591DBC4A4A00062A95 /* SQL.Order+DefaultDB.swift in Sources */,
				A9B39BB71DBC3BAA00A208FC /* SQL.Column+DefaultDB.swift in Sources */,
				A93E535F1DBC4E7A00062A95 /* SQL.Func+DefaultDB.swift in Sources */,
				A93E536B1DBC8C7500062A95 /* SQL.Literal+DefaultDB.swift in Sources */,
			);
			runOnlyForDeploymentPostprocessing = 0;
		};
		A9B39B5E1DB9D89C00A208FC /* Sources */ = {
			isa = PBXSourcesBuildPhase;
			buildActionMask = 2147483647;
			files = (
				A9B39B651DB9D89C00A208FC /* SwiftySQLTests_macOS.swift in Sources */,
			);
			runOnlyForDeploymentPostprocessing = 0;
		};
		A9B39B6D1DB9D90900A208FC /* Sources */ = {
			isa = PBXSourcesBuildPhase;
			buildActionMask = 2147483647;
			files = (
				A9B39B761DB9D90900A208FC /* ViewController.swift in Sources */,
				A9B39B741DB9D90900A208FC /* AppDelegate.swift in Sources */,
			);
			runOnlyForDeploymentPostprocessing = 0;
		};
/* End PBXSourcesBuildPhase section */

/* Begin PBXTargetDependency section */
		A9B39B691DB9D89C00A208FC /* PBXTargetDependency */ = {
			isa = PBXTargetDependency;
			target = A9B39B471DB9D76C00A208FC /* SwiftySQL-macOS */;
			targetProxy = A9B39B681DB9D89C00A208FC /* PBXContainerItemProxy */;
		};
		A9B39B831DB9D91000A208FC /* PBXTargetDependency */ = {
			isa = PBXTargetDependency;
			target = A9B39B471DB9D76C00A208FC /* SwiftySQL-macOS */;
			targetProxy = A9B39B821DB9D91000A208FC /* PBXContainerItemProxy */;
		};
/* End PBXTargetDependency section */

/* Begin PBXVariantGroup section */
		A9B39B791DB9D90900A208FC /* Main.storyboard */ = {
			isa = PBXVariantGroup;
			children = (
				A9B39B7A1DB9D90900A208FC /* Base */,
			);
			name = Main.storyboard;
			sourceTree = "<group>";
		};
/* End PBXVariantGroup section */

/* Begin XCBuildConfiguration section */
		A96B8DF11DB94044003BB7B6 /* Debug */ = {
			isa = XCBuildConfiguration;
			buildSettings = {
				ALWAYS_SEARCH_USER_PATHS = NO;
				CLANG_ANALYZER_NONNULL = YES;
				CLANG_CXX_LANGUAGE_STANDARD = "gnu++0x";
				CLANG_CXX_LIBRARY = "libc++";
				CLANG_ENABLE_MODULES = YES;
				CLANG_ENABLE_OBJC_ARC = YES;
				CLANG_WARN_BOOL_CONVERSION = YES;
				CLANG_WARN_CONSTANT_CONVERSION = YES;
				CLANG_WARN_DIRECT_OBJC_ISA_USAGE = YES_ERROR;
				CLANG_WARN_DOCUMENTATION_COMMENTS = YES;
				CLANG_WARN_EMPTY_BODY = YES;
				CLANG_WARN_ENUM_CONVERSION = YES;
				CLANG_WARN_INFINITE_RECURSION = YES;
				CLANG_WARN_INT_CONVERSION = YES;
				CLANG_WARN_OBJC_ROOT_CLASS = YES_ERROR;
				CLANG_WARN_SUSPICIOUS_MOVES = YES;
				CLANG_WARN_UNREACHABLE_CODE = YES;
				CLANG_WARN__DUPLICATE_METHOD_MATCH = YES;
				"CODE_SIGN_IDENTITY[sdk=iphoneos*]" = "iPhone Developer";
				COPY_PHASE_STRIP = NO;
				CURRENT_PROJECT_VERSION = 1;
				DEBUG_INFORMATION_FORMAT = dwarf;
				ENABLE_STRICT_OBJC_MSGSEND = YES;
				ENABLE_TESTABILITY = YES;
				GCC_C_LANGUAGE_STANDARD = gnu99;
				GCC_DYNAMIC_NO_PIC = NO;
				GCC_NO_COMMON_BLOCKS = YES;
				GCC_OPTIMIZATION_LEVEL = 0;
				GCC_PREPROCESSOR_DEFINITIONS = (
					"DEBUG=1",
					"$(inherited)",
				);
				GCC_WARN_64_TO_32_BIT_CONVERSION = YES;
				GCC_WARN_ABOUT_RETURN_TYPE = YES_ERROR;
				GCC_WARN_UNDECLARED_SELECTOR = YES;
				GCC_WARN_UNINITIALIZED_AUTOS = YES_AGGRESSIVE;
				GCC_WARN_UNUSED_FUNCTION = YES;
				GCC_WARN_UNUSED_VARIABLE = YES;
				IPHONEOS_DEPLOYMENT_TARGET = 10.0;
				MTL_ENABLE_DEBUG_INFO = YES;
				ONLY_ACTIVE_ARCH = YES;
				SDKROOT = iphoneos;
				SWIFT_ACTIVE_COMPILATION_CONDITIONS = DEBUG;
				SWIFT_OPTIMIZATION_LEVEL = "-Onone";
				TARGETED_DEVICE_FAMILY = "1,2";
				VERSIONING_SYSTEM = "apple-generic";
				VERSION_INFO_PREFIX = "";
			};
			name = Debug;
		};
		A96B8DF21DB94044003BB7B6 /* Release */ = {
			isa = XCBuildConfiguration;
			buildSettings = {
				ALWAYS_SEARCH_USER_PATHS = NO;
				CLANG_ANALYZER_NONNULL = YES;
				CLANG_CXX_LANGUAGE_STANDARD = "gnu++0x";
				CLANG_CXX_LIBRARY = "libc++";
				CLANG_ENABLE_MODULES = YES;
				CLANG_ENABLE_OBJC_ARC = YES;
				CLANG_WARN_BOOL_CONVERSION = YES;
				CLANG_WARN_CONSTANT_CONVERSION = YES;
				CLANG_WARN_DIRECT_OBJC_ISA_USAGE = YES_ERROR;
				CLANG_WARN_DOCUMENTATION_COMMENTS = YES;
				CLANG_WARN_EMPTY_BODY = YES;
				CLANG_WARN_ENUM_CONVERSION = YES;
				CLANG_WARN_INFINITE_RECURSION = YES;
				CLANG_WARN_INT_CONVERSION = YES;
				CLANG_WARN_OBJC_ROOT_CLASS = YES_ERROR;
				CLANG_WARN_SUSPICIOUS_MOVES = YES;
				CLANG_WARN_UNREACHABLE_CODE = YES;
				CLANG_WARN__DUPLICATE_METHOD_MATCH = YES;
				"CODE_SIGN_IDENTITY[sdk=iphoneos*]" = "iPhone Developer";
				COPY_PHASE_STRIP = NO;
				CURRENT_PROJECT_VERSION = 1;
				DEBUG_INFORMATION_FORMAT = "dwarf-with-dsym";
				ENABLE_NS_ASSERTIONS = NO;
				ENABLE_STRICT_OBJC_MSGSEND = YES;
				GCC_C_LANGUAGE_STANDARD = gnu99;
				GCC_NO_COMMON_BLOCKS = YES;
				GCC_WARN_64_TO_32_BIT_CONVERSION = YES;
				GCC_WARN_ABOUT_RETURN_TYPE = YES_ERROR;
				GCC_WARN_UNDECLARED_SELECTOR = YES;
				GCC_WARN_UNINITIALIZED_AUTOS = YES_AGGRESSIVE;
				GCC_WARN_UNUSED_FUNCTION = YES;
				GCC_WARN_UNUSED_VARIABLE = YES;
				IPHONEOS_DEPLOYMENT_TARGET = 10.0;
				MTL_ENABLE_DEBUG_INFO = NO;
				SDKROOT = iphoneos;
				SWIFT_OPTIMIZATION_LEVEL = "-Owholemodule";
				TARGETED_DEVICE_FAMILY = "1,2";
				VALIDATE_PRODUCT = YES;
				VERSIONING_SYSTEM = "apple-generic";
				VERSION_INFO_PREFIX = "";
			};
			name = Release;
		};
		A9B39B4E1DB9D76C00A208FC /* Debug */ = {
			isa = XCBuildConfiguration;
			buildSettings = {
				CLANG_ENABLE_MODULES = YES;
				CODE_SIGN_IDENTITY = "-";
				COMBINE_HIDPI_IMAGES = YES;
				DEFINES_MODULE = YES;
				DEVELOPMENT_TEAM = XH2F8QV9GT;
				DYLIB_COMPATIBILITY_VERSION = 1;
				DYLIB_CURRENT_VERSION = 1;
				DYLIB_INSTALL_NAME_BASE = "@rpath";
				FRAMEWORK_VERSION = A;
				INFOPLIST_FILE = "SwiftySQL-macOS/Info.plist";
				INSTALL_PATH = "$(LOCAL_LIBRARY_DIR)/Frameworks";
				LD_RUNPATH_SEARCH_PATHS = "$(inherited) @executable_path/../Frameworks @loader_path/Frameworks";
				MACOSX_DEPLOYMENT_TARGET = 10.12;
				PRODUCT_BUNDLE_IDENTIFIER = "com.oo-v.macOS.SwiftySQL";
				PRODUCT_NAME = SwiftySQL;
				SDKROOT = macosx;
				SKIP_INSTALL = YES;
				SWIFT_OPTIMIZATION_LEVEL = "-Onone";
				SWIFT_VERSION = 3.0;
			};
			name = Debug;
		};
		A9B39B4F1DB9D76C00A208FC /* Release */ = {
			isa = XCBuildConfiguration;
			buildSettings = {
				CLANG_ENABLE_MODULES = YES;
				CODE_SIGN_IDENTITY = "-";
				COMBINE_HIDPI_IMAGES = YES;
				DEFINES_MODULE = YES;
				DEVELOPMENT_TEAM = XH2F8QV9GT;
				DYLIB_COMPATIBILITY_VERSION = 1;
				DYLIB_CURRENT_VERSION = 1;
				DYLIB_INSTALL_NAME_BASE = "@rpath";
				FRAMEWORK_VERSION = A;
				INFOPLIST_FILE = "SwiftySQL-macOS/Info.plist";
				INSTALL_PATH = "$(LOCAL_LIBRARY_DIR)/Frameworks";
				LD_RUNPATH_SEARCH_PATHS = "$(inherited) @executable_path/../Frameworks @loader_path/Frameworks";
				MACOSX_DEPLOYMENT_TARGET = 10.12;
				PRODUCT_BUNDLE_IDENTIFIER = "com.oo-v.macOS.SwiftySQL";
				PRODUCT_NAME = SwiftySQL;
				SDKROOT = macosx;
				SKIP_INSTALL = YES;
				SWIFT_VERSION = 3.0;
			};
			name = Release;
		};
		A9B39B6B1DB9D89C00A208FC /* Debug */ = {
			isa = XCBuildConfiguration;
			buildSettings = {
				CODE_SIGN_IDENTITY = "-";
				COMBINE_HIDPI_IMAGES = YES;
				DEVELOPMENT_TEAM = XH2F8QV9GT;
				INFOPLIST_FILE = "SwiftySQLTests-macOS/Info.plist";
				LD_RUNPATH_SEARCH_PATHS = "$(inherited) @executable_path/../Frameworks @loader_path/../Frameworks";
				MACOSX_DEPLOYMENT_TARGET = 10.12;
				PRODUCT_BUNDLE_IDENTIFIER = "com.oo-v.SwiftySQLTests-macOS";
				PRODUCT_NAME = "$(TARGET_NAME)";
				SDKROOT = macosx;
				SWIFT_VERSION = 3.0;
			};
			name = Debug;
		};
		A9B39B6C1DB9D89C00A208FC /* Release */ = {
			isa = XCBuildConfiguration;
			buildSettings = {
				CODE_SIGN_IDENTITY = "-";
				COMBINE_HIDPI_IMAGES = YES;
				DEVELOPMENT_TEAM = XH2F8QV9GT;
				INFOPLIST_FILE = "SwiftySQLTests-macOS/Info.plist";
				LD_RUNPATH_SEARCH_PATHS = "$(inherited) @executable_path/../Frameworks @loader_path/../Frameworks";
				MACOSX_DEPLOYMENT_TARGET = 10.12;
				PRODUCT_BUNDLE_IDENTIFIER = "com.oo-v.SwiftySQLTests-macOS";
				PRODUCT_NAME = "$(TARGET_NAME)";
				SDKROOT = macosx;
				SWIFT_VERSION = 3.0;
			};
			name = Release;
		};
		A9B39B7E1DB9D90900A208FC /* Debug */ = {
			isa = XCBuildConfiguration;
			buildSettings = {
				ALWAYS_EMBED_SWIFT_STANDARD_LIBRARIES = YES;
				ASSETCATALOG_COMPILER_APPICON_NAME = AppIcon;
				CODE_SIGN_IDENTITY = "-";
				COMBINE_HIDPI_IMAGES = YES;
				DEVELOPMENT_TEAM = XH2F8QV9GT;
				INFOPLIST_FILE = "SwiftySQLExample-macOS/Info.plist";
				LD_RUNPATH_SEARCH_PATHS = "$(inherited) @executable_path/../Frameworks";
				MACOSX_DEPLOYMENT_TARGET = 10.12;
				PRODUCT_BUNDLE_IDENTIFIER = "com.oo-v.SwiftySQLExample-macOS";
				PRODUCT_NAME = SwiftySQLExample;
				SDKROOT = macosx;
				SWIFT_VERSION = 3.0;
			};
			name = Debug;
		};
		A9B39B7F1DB9D90900A208FC /* Release */ = {
			isa = XCBuildConfiguration;
			buildSettings = {
				ALWAYS_EMBED_SWIFT_STANDARD_LIBRARIES = YES;
				ASSETCATALOG_COMPILER_APPICON_NAME = AppIcon;
				CODE_SIGN_IDENTITY = "-";
				COMBINE_HIDPI_IMAGES = YES;
				DEVELOPMENT_TEAM = XH2F8QV9GT;
				INFOPLIST_FILE = "SwiftySQLExample-macOS/Info.plist";
				LD_RUNPATH_SEARCH_PATHS = "$(inherited) @executable_path/../Frameworks";
				MACOSX_DEPLOYMENT_TARGET = 10.12;
				PRODUCT_BUNDLE_IDENTIFIER = "com.oo-v.SwiftySQLExample-macOS";
				PRODUCT_NAME = SwiftySQLExample;
				SDKROOT = macosx;
				SWIFT_VERSION = 3.0;
			};
			name = Release;
		};
/* End XCBuildConfiguration section */

/* Begin XCConfigurationList section */
		A96B8DE51DB94044003BB7B6 /* Build configuration list for PBXProject "SwiftySQL" */ = {
			isa = XCConfigurationList;
			buildConfigurations = (
				A96B8DF11DB94044003BB7B6 /* Debug */,
				A96B8DF21DB94044003BB7B6 /* Release */,
			);
			defaultConfigurationIsVisible = 0;
			defaultConfigurationName = Release;
		};
		A9B39B4D1DB9D76C00A208FC /* Build configuration list for PBXNativeTarget "SwiftySQL-macOS" */ = {
			isa = XCConfigurationList;
			buildConfigurations = (
				A9B39B4E1DB9D76C00A208FC /* Debug */,
				A9B39B4F1DB9D76C00A208FC /* Release */,
			);
			defaultConfigurationIsVisible = 0;
			defaultConfigurationName = Release;
		};
		A9B39B6A1DB9D89C00A208FC /* Build configuration list for PBXNativeTarget "SwiftySQLTests-macOS" */ = {
			isa = XCConfigurationList;
			buildConfigurations = (
				A9B39B6B1DB9D89C00A208FC /* Debug */,
				A9B39B6C1DB9D89C00A208FC /* Release */,
			);
			defaultConfigurationIsVisible = 0;
			defaultConfigurationName = Release;
		};
		A9B39B7D1DB9D90900A208FC /* Build configuration list for PBXNativeTarget "SwiftySQLExample-macOS" */ = {
			isa = XCConfigurationList;
			buildConfigurations = (
				A9B39B7E1DB9D90900A208FC /* Debug */,
				A9B39B7F1DB9D90900A208FC /* Release */,
			);
			defaultConfigurationIsVisible = 0;
			defaultConfigurationName = Release;
		};
/* End XCConfigurationList section */
	};
	rootObject = A96B8DE21DB94044003BB7B6 /* Project object */;
}
